
Microsoft Visual Studio Solution File, Format Version 12.00
# Visual Studio 2012
Project("{FAE04EC0-301F-11D3-BF4B-00C04F79EFBC}") = "NetworkConnection.Droid", "NetworkConnection.Droid.csproj", "{F32E3072-4D33-445C-AFD7-6D6CE0E96DAC}"
EndProject
Global
	GlobalSection(SolutionConfigurationPlatforms) = preSolution
		Debug|Any CPU = Debug|Any CPU
		Release|Any CPU = Release|Any CPU
	EndGlobalSection
	GlobalSection(ProjectConfigurationPlatforms) = postSolution
		{F32E3072-4D33-445C-AFD7-6D6CE0E96DAC}.Debug|Any CPU.ActiveCfg = Debug|Any CPU
		{F32E3072-4D33-445C-AFD7-6D6CE0E96DAC}.Debug|Any CPU.Build.0 = Debug|Any CPU
		{F32E3072-4D33-445C-AFD7-6D6CE0E96DAC}.Release|Any CPU.ActiveCfg = Release|Any CPU
		{F32E3072-4D33-445C-AFD7-6D6CE0E96DAC}.Release|Any CPU.Build.0 = Release|Any CPU
	EndGlobalSection
EndGlobal
